
Microsoft Visual Studio Solution File, Format Version 12.00
# Visual Studio Version 17
VisualStudioVersion = 17.0.31903.59
MinimumVisualStudioVersion = 10.0.40219.1
Project("{FAE04EC0-301F-11D3-BF4B-00C04F79EFBC}") = "PacificPrintShop.API", "PacificPrintShop.API\PacificPrintShop.API.csproj", "{BB47A22A-8FB6-48A5-8541-FC150CFFAECE}"
EndProject
Project("{FAE04EC0-301F-11D3-BF4B-00C04F79EFBC}") = "PacificPrintShop.Data", "PacificPrintShop.Data\PacificPrintShop.Data.csproj", "{ED190245-8C0D-4514-A42F-E0B2B74C62CC}"
EndProject
Global
	GlobalSection(SolutionConfigurationPlatforms) = preSolution
		Debug|Any CPU = Debug|Any CPU
		Release|Any CPU = Release|Any CPU
	EndGlobalSection
	GlobalSection(SolutionProperties) = preSolution
		HideSolutionNode = FALSE
	EndGlobalSection
	GlobalSection(ProjectConfigurationPlatforms) = postSolution
		{BB47A22A-8FB6-48A5-8541-FC150CFFAECE}.Debug|Any CPU.ActiveCfg = Debug|Any CPU
		{BB47A22A-8FB6-48A5-8541-FC150CFFAECE}.Debug|Any CPU.Build.0 = Debug|Any CPU
		{BB47A22A-8FB6-48A5-8541-FC150CFFAECE}.Release|Any CPU.ActiveCfg = Release|Any CPU
		{BB47A22A-8FB6-48A5-8541-FC150CFFAECE}.Release|Any CPU.Build.0 = Release|Any CPU
		{ED190245-8C0D-4514-A42F-E0B2B74C62CC}.Debug|Any CPU.ActiveCfg = Debug|Any CPU
		{ED190245-8C0D-4514-A42F-E0B2B74C62CC}.Debug|Any CPU.Build.0 = Debug|Any CPU
		{ED190245-8C0D-4514-A42F-E0B2B74C62CC}.Release|Any CPU.ActiveCfg = Release|Any CPU
		{ED190245-8C0D-4514-A42F-E0B2B74C62CC}.Release|Any CPU.Build.0 = Release|Any CPU
	EndGlobalSection
EndGlobal
